// !$*UTF8*$!
{
	archiveVersion = 1;
	classes = {
	};
	objectVersion = 46;
	objects = {

/* Begin PBXBuildFile section */
		C1C4F176F229BA8DEAF4E08D /* AppDelegate.swift in Sources */ = {isa = PBXBuildFile; fileRef = C1C4F4FF20B207E26306DB25 /* AppDelegate.swift */; };
		C1C4F21D83AA4AB8B3020F48 /* LaunchScreen.storyboard in Resources */ = {isa = PBXBuildFile; fileRef = C1C4F030AAC233956AE258D6 /* LaunchScreen.storyboard */; };
		C1C4F22431B554E461C9D290 /* SecondContentView.swift in Sources */ = {isa = PBXBuildFile; fileRef = C1C4FCC48E51D457DFAFEC3C /* SecondContentView.swift */; };
		C1C4F29059D123ED4A98D4C3 /* Assets.xcassets in Resources */ = {isa = PBXBuildFile; fileRef = C1C4FE491045DDDD6B7FB608 /* Assets.xcassets */; };
		C1C4F3991DCF60BC058AB53C /* SceneDelegate.swift in Sources */ = {isa = PBXBuildFile; fileRef = C1C4FDBB7E40BA7311BF3626 /* SceneDelegate.swift */; };
		C1C4F77F0ECD0359CC4D6871 /* Preview Assets.xcassets in Resources */ = {isa = PBXBuildFile; fileRef = C1C4F5D649188E63192FCE9D /* Preview Assets.xcassets */; };
		C1C4FCE5D23294282CF560F5 /* ContentView.swift in Sources */ = {isa = PBXBuildFile; fileRef = C1C4FAE40AC2ABDDB50761D2 /* ContentView.swift */; };
/* End PBXBuildFile section */

/* Begin PBXFileReference section */
		C1C4F129CE6CB11272A3D506 /* gitdemo.app */ = {isa = PBXFileReference; explicitFileType = wrapper.application; includeInIndex = 0; path = gitdemo.app; sourceTree = BUILT_PRODUCTS_DIR; };
		C1C4F4FF20B207E26306DB25 /* AppDelegate.swift */ = {isa = PBXFileReference; lastKnownFileType = sourcecode.swift; path = AppDelegate.swift; sourceTree = "<group>"; };
		C1C4F5D649188E63192FCE9D /* Preview Assets.xcassets */ = {isa = PBXFileReference; lastKnownFileType = folder.assetcatalog; path = "Preview Assets.xcassets"; sourceTree = "<group>"; };
		C1C4F82D53F77BD2717D883A /* Base */ = {isa = PBXFileReference; lastKnownFileType = file.storyboard; name = Base; path = Base.lproj/LaunchScreen.storyboard; sourceTree = "<group>"; };
		C1C4FAE40AC2ABDDB50761D2 /* ContentView.swift */ = {isa = PBXFileReference; lastKnownFileType = sourcecode.swift; path = ContentView.swift; sourceTree = "<group>"; };
		C1C4FCC48E51D457DFAFEC3C /* SecondContentView.swift */ = {isa = PBXFileReference; fileEncoding = 4; lastKnownFileType = sourcecode.swift; path = SecondContentView.swift; sourceTree = "<group>"; };
		C1C4FD9C56D039843D0C6D47 /* Info.plist */ = {isa = PBXFileReference; lastKnownFileType = text.plist.info; path = Info.plist; sourceTree = "<group>"; };
		C1C4FDBB7E40BA7311BF3626 /* SceneDelegate.swift */ = {isa = PBXFileReference; lastKnownFileType = sourcecode.swift; path = SceneDelegate.swift; sourceTree = "<group>"; };
		C1C4FE491045DDDD6B7FB608 /* Assets.xcassets */ = {isa = PBXFileReference; lastKnownFileType = folder.assetcatalog; path = Assets.xcassets; sourceTree = "<group>"; };
/* End PBXFileReference section */

/* Begin PBXFrameworksBuildPhase section */
		C1C4FB7287FF956C98653040 /* Frameworks */ = {
			isa = PBXFrameworksBuildPhase;
			buildActionMask = 2147483647;
			files = (
			);
			runOnlyForDeploymentPostprocessing = 0;
		};
/* End PBXFrameworksBuildPhase section */

/* Begin PBXGroup section */
		C1C4F0E9B1C2CDFDD6B591F1 /* Products */ = {
			isa = PBXGroup;
			children = (
				C1C4F129CE6CB11272A3D506 /* gitdemo.app */,
			);
			name = Products;
			sourceTree = "<group>";
		};
		C1C4F78C05F10CA5C8C8CD4C /* gitdemo */ = {
			isa = PBXGroup;
			children = (
				C1C4FD9C56D039843D0C6D47 /* Info.plist */,
				C1C4FE491045DDDD6B7FB608 /* Assets.xcassets */,
				C1C4F030AAC233956AE258D6 /* LaunchScreen.storyboard */,
				C1C4F4FF20B207E26306DB25 /* AppDelegate.swift */,
				C1C4FDBB7E40BA7311BF3626 /* SceneDelegate.swift */,
				C1C4FAE40AC2ABDDB50761D2 /* ContentView.swift */,
				C1C4FD957463A994B58FF26C /* Preview Content */,
				C1C4FCC48E51D457DFAFEC3C /* SecondContentView.swift */,
			);
			path = gitdemo;
			sourceTree = "<group>";
		};
		C1C4FD957463A994B58FF26C /* Preview Content */ = {
			isa = PBXGroup;
			children = (
				C1C4F5D649188E63192FCE9D /* Preview Assets.xcassets */,
			);
			path = "Preview Content";
			sourceTree = "<group>";
		};
		C1C4FDCAE19144B1314AD1E1 = {
			isa = PBXGroup;
			children = (
				C1C4F0E9B1C2CDFDD6B591F1 /* Products */,
				C1C4F78C05F10CA5C8C8CD4C /* gitdemo */,
			);
			sourceTree = "<group>";
		};
/* End PBXGroup section */

/* Begin PBXNativeTarget section */
		C1C4F6A0E01297117A25CFE5 /* gitdemo */ = {
			isa = PBXNativeTarget;
			buildConfigurationList = C1C4F2C0195228EEFFD34422 /* Build configuration list for PBXNativeTarget "gitdemo" */;
			buildPhases = (
				C1C4F2D2A48512270FD815DC /* Sources */,
				C1C4FB7287FF956C98653040 /* Frameworks */,
				C1C4F6402A89CA894410FF39 /* Resources */,
			);
			buildRules = (
			);
			dependencies = (
			);
			name = gitdemo;
			productName = gitdemo;
			productReference = C1C4F129CE6CB11272A3D506 /* gitdemo.app */;
			productType = "com.apple.product-type.application";
		};
/* End PBXNativeTarget section */

/* Begin PBXProject section */
		C1C4FE98E57D21928ADA7020 /* Project object */ = {
			isa = PBXProject;
			attributes = {
				ORGANIZATIONNAME = JetBrains;
			};
			buildConfigurationList = C1C4F9D902939482BFCB58C9 /* Build configuration list for PBXProject "gitdemo" */;
			compatibilityVersion = "Xcode 3.2";
			developmentRegion = English;
			hasScannedForEncodings = 0;
			knownRegions = (
				English,
				en,
				Base,
			);
			mainGroup = C1C4FDCAE19144B1314AD1E1;
			productRefGroup = C1C4F0E9B1C2CDFDD6B591F1 /* Products */;
			projectDirPath = "";
			projectRoot = "";
			targets = (
				C1C4F6A0E01297117A25CFE5 /* gitdemo */,
			);
		};
/* End PBXProject section */

/* Begin PBXResourcesBuildPhase section */
		C1C4F6402A89CA894410FF39 /* Resources */ = {
			isa = PBXResourcesBuildPhase;
			buildActionMask = 2147483647;
			files = (
				C1C4F29059D123ED4A98D4C3 /* Assets.xcassets in Resources */,
				C1C4F21D83AA4AB8B3020F48 /* LaunchScreen.storyboard in Resources */,
				C1C4F77F0ECD0359CC4D6871 /* Preview Assets.xcassets in Resources */,
			);
			runOnlyForDeploymentPostprocessing = 0;
		};
/* End PBXResourcesBuildPhase section */

/* Begin PBXSourcesBuildPhase section */
		C1C4F2D2A48512270FD815DC /* Sources */ = {
			isa = PBXSourcesBuildPhase;
			buildActionMask = 2147483647;
			files = (
				C1C4F176F229BA8DEAF4E08D /* AppDelegate.swift in Sources */,
				C1C4F3991DCF60BC058AB53C /* SceneDelegate.swift in Sources */,
				C1C4FCE5D23294282CF560F5 /* ContentView.swift in Sources */,
				C1C4F22431B554E461C9D290 /* SecondContentView.swift in Sources */,
			);
			runOnlyForDeploymentPostprocessing = 0;
		};
/* End PBXSourcesBuildPhase section */

/* Begin PBXVariantGroup section */
		C1C4F030AAC233956AE258D6 /* LaunchScreen.storyboard */ = {
			isa = PBXVariantGroup;
			children = (
				C1C4F82D53F77BD2717D883A /* Base */,
			);
			name = LaunchScreen.storyboard;
			sourceTree = "<group>";
		};
/* End PBXVariantGroup section */

/* Begin XCBuildConfiguration section */
		C1C4F10A88102468D863179E /* Release */ = {
			isa = XCBuildConfiguration;
			buildSettings = {
				ALWAYS_SEARCH_USER_PATHS = NO;
				CLANG_ANALYZER_NONNULL = YES;
				CLANG_ANALYZER_NUMBER_OBJECT_CONVERSION = YES_AGGRESSIVE;
				CLANG_CXX_LANGUAGE_STANDARD = "gnu++14";
				CLANG_CXX_LIBRARY = "libc++";
				CLANG_ENABLE_MODULES = YES;
				CLANG_ENABLE_OBJC_ARC = YES;
				CLANG_ENABLE_OBJC_WEAK = YES;
				CLANG_WARN_BLOCK_CAPTURE_AUTORELEASING = YES;
				CLANG_WARN_BOOL_CONVERSION = YES;
				CLANG_WARN_COMMA = YES;
				CLANG_WARN_CONSTANT_CONVERSION = YES;
				CLANG_WARN_DEPRECATED_OBJC_IMPLEMENTATIONS = YES;
				CLANG_WARN_DIRECT_OBJC_ISA_USAGE = YES_ERROR;
				CLANG_WARN_DOCUMENTATION_COMMENTS = YES;
				CLANG_WARN_EMPTY_BODY = YES;
				CLANG_WARN_ENUM_CONVERSION = YES;
				CLANG_WARN_INFINITE_RECURSION = YES;
				CLANG_WARN_INT_CONVERSION = YES;
				CLANG_WARN_NON_LITERAL_NULL_CONVERSION = YES;
				CLANG_WARN_OBJC_IMPLICIT_RETAIN_SELF = YES;
				CLANG_WARN_OBJC_LITERAL_CONVERSION = YES;
				CLANG_WARN_OBJC_ROOT_CLASS = YES_ERROR;
				CLANG_WARN_RANGE_LOOP_ANALYSIS = YES;
				CLANG_WARN_STRICT_PROTOTYPES = YES;
				CLANG_WARN_SUSPICIOUS_MOVE = YES;
				CLANG_WARN_UNGUARDED_AVAILABILITY = YES_AGGRESSIVE;
				CLANG_WARN_UNREACHABLE_CODE = YES;
				CLANG_WARN__DUPLICATE_METHOD_MATCH = YES;
				COPY_PHASE_STRIP = NO;
				DEBUG_INFORMATION_FORMAT = "dwarf-with-dsym";
				ENABLE_NS_ASSERTIONS = NO;
				ENABLE_STRICT_OBJC_MSGSEND = YES;
				GCC_C_LANGUAGE_STANDARD = gnu11;
				GCC_NO_COMMON_BLOCKS = YES;
				GCC_WARN_64_TO_32_BIT_CONVERSION = YES;
				GCC_WARN_ABOUT_RETURN_TYPE = YES_ERROR;
				GCC_WARN_UNDECLARED_SELECTOR = YES;
				GCC_WARN_UNINITIALIZED_AUTOS = YES_AGGRESSIVE;
				GCC_WARN_UNUSED_FUNCTION = YES;
				GCC_WARN_UNUSED_VARIABLE = YES;
				IPHONEOS_DEPLOYMENT_TARGET = 13.2;
				MTL_ENABLE_DEBUG_INFO = NO;
				MTL_FAST_MATH = YES;
				SDKROOT = iphoneos;
				SWIFT_OPTIMIZATION_LEVEL = "-Owholemodule";
				VALIDATE_PRODUCT = YES;
			};
			name = Release;
		};
		C1C4F53A5FE2CBD8A6756AF4 /* Debug */ = {
			isa = XCBuildConfiguration;
			buildSettings = {
				ASSETCATALOG_COMPILER_APPICON_NAME = AppIcon;
				DEVELOPMENT_ASSET_PATHS = "\"gitdemo/Preview Content\"";
				ENABLE_PREVIEWS = YES;
				INFOPLIST_FILE = gitdemo/Info.plist;
				LD_RUNPATH_SEARCH_PATHS = "$(inherited) @executable_path/Frameworks";
				PRODUCT_BUNDLE_IDENTIFIER = com.jetbrains.gitdemo;
				PRODUCT_NAME = "$(TARGET_NAME)";
				SWIFT_VERSION = 5.0;
				TARGETED_DEVICE_FAMILY = "1,2";
			};
			name = Debug;
		};
		C1C4FC648C7C5979A02DDB5C /* Release */ = {
			isa = XCBuildConfiguration;
			buildSettings = {
				ASSETCATALOG_COMPILER_APPICON_NAME = AppIcon;
				DEVELOPMENT_ASSET_PATHS = "\"gitdemo/Preview Content\"";
				ENABLE_PREVIEWS = YES;
				INFOPLIST_FILE = gitdemo/Info.plist;
				LD_RUNPATH_SEARCH_PATHS = "$(inherited) @executable_path/Frameworks";
				PRODUCT_BUNDLE_IDENTIFIER = com.jetbrains.gitdemo;
				PRODUCT_NAME = "$(TARGET_NAME)";
				SWIFT_VERSION = 5.0;
				TARGETED_DEVICE_FAMILY = "1,2";
			};
			name = Release;
		};
		C1C4FDEAF1740BA7594907B5 /* Debug */ = {
			isa = XCBuildConfiguration;
			buildSettings = {
				ALWAYS_SEARCH_USER_PATHS = NO;
				CLANG_ANALYZER_NONNULL = YES;
				CLANG_ANALYZER_NUMBER_OBJECT_CONVERSION = YES_AGGRESSIVE;
				CLANG_CXX_LANGUAGE_STANDARD = "gnu++14";
				CLANG_CXX_LIBRARY = "libc++";
				CLANG_ENABLE_MODULES = YES;
				CLANG_ENABLE_OBJC_ARC = YES;
				CLANG_ENABLE_OBJC_WEAK = YES;
				CLANG_WARN_BLOCK_CAPTURE_AUTORELEASING = YES;
				CLANG_WARN_BOOL_CONVERSION = YES;
				CLANG_WARN_COMMA = YES;
				CLANG_WARN_CONSTANT_CONVERSION = YES;
				CLANG_WARN_DEPRECATED_OBJC_IMPLEMENTATIONS = YES;
				CLANG_WARN_DIRECT_OBJC_ISA_USAGE = YES_ERROR;
				CLANG_WARN_DOCUMENTATION_COMMENTS = YES;
				CLANG_WARN_EMPTY_BODY = YES;
				CLANG_WARN_ENUM_CONVERSION = YES;
				CLANG_WARN_INFINITE_RECURSION = YES;
				CLANG_WARN_INT_CONVERSION = YES;
				CLANG_WARN_NON_LITERAL_NULL_CONVERSION = YES;
				CLANG_WARN_OBJC_IMPLICIT_RETAIN_SELF = YES;
				CLANG_WARN_OBJC_LITERAL_CONVERSION = YES;
				CLANG_WARN_OBJC_ROOT_CLASS = YES_ERROR;
				CLANG_WARN_RANGE_LOOP_ANALYSIS = YES;
				CLANG_WARN_STRICT_PROTOTYPES = YES;
				CLANG_WARN_SUSPICIOUS_MOVE = YES;
				CLANG_WARN_UNGUARDED_AVAILABILITY = YES_AGGRESSIVE;
				CLANG_WARN_UNREACHABLE_CODE = YES;
				CLANG_WARN__DUPLICATE_METHOD_MATCH = YES;
				COPY_PHASE_STRIP = NO;
				DEBUG_INFORMATION_FORMAT = dwarf;
				ENABLE_STRICT_OBJC_MSGSEND = YES;
				ENABLE_TESTABILITY = YES;
				GCC_C_LANGUAGE_STANDARD = gnu11;
				GCC_DYNAMIC_NO_PIC = NO;
				GCC_NO_COMMON_BLOCKS = YES;
				GCC_OPTIMIZATION_LEVEL = 0;
				GCC_PREPROCESSOR_DEFINITIONS = (
					"DEBUG=1",
					"$(inherited)",
				);
				GCC_WARN_64_TO_32_BIT_CONVERSION = YES;
				GCC_WARN_ABOUT_RETURN_TYPE = YES_ERROR;
				GCC_WARN_UNDECLARED_SELECTOR = YES;
				GCC_WARN_UNINITIALIZED_AUTOS = YES_AGGRESSIVE;
				GCC_WARN_UNUSED_FUNCTION = YES;
				GCC_WARN_UNUSED_VARIABLE = YES;
				IPHONEOS_DEPLOYMENT_TARGET = 13.2;
				MTL_ENABLE_DEBUG_INFO = INCLUDE_SOURCE;
				MTL_FAST_MATH = YES;
				ONLY_ACTIVE_ARCH = YES;
				SDKROOT = iphoneos;
				SWIFT_ACTIVE_COMPILATION_CONDITIONS = DEBUG;
				SWIFT_OPTIMIZATION_LEVEL = "-Onone";
			};
			name = Debug;
		};
/* End XCBuildConfiguration section */

/* Begin XCConfigurationList section */
		C1C4F2C0195228EEFFD34422 /* Build configuration list for PBXNativeTarget "gitdemo" */ = {
			isa = XCConfigurationList;
			buildConfigurations = (
				C1C4F53A5FE2CBD8A6756AF4 /* Debug */,
				C1C4FC648C7C5979A02DDB5C /* Release */,
			);
			defaultConfigurationIsVisible = 0;
			defaultConfigurationName = Release;
		};
		C1C4F9D902939482BFCB58C9 /* Build configuration list for PBXProject "gitdemo" */ = {
			isa = XCConfigurationList;
			buildConfigurations = (
				C1C4FDEAF1740BA7594907B5 /* Debug */,
				C1C4F10A88102468D863179E /* Release */,
			);
			defaultConfigurationIsVisible = 0;
			defaultConfigurationName = Release;
		};
/* End XCConfigurationList section */
	};
	rootObject = C1C4FE98E57D21928ADA7020 /* Project object */;
}
